
Microsoft Visual Studio Solution File, Format Version 12.00
# Visual Studio 2012
Project("{FAE04EC0-301F-11D3-BF4B-00C04F79EFBC}") = "SAMStock", "SAMStock\SAMStock.csproj", "{201C3FEC-FD13-491A-86CA-866D6CC0A370}"
EndProject
Project("{FAE04EC0-301F-11D3-BF4B-00C04F79EFBC}") = "Tests", "Tests\Tests.csproj", "{C15C0B18-3475-4EBA-A39F-8F765AC2FA7F}"
EndProject
Project("{FAE04EC0-301F-11D3-BF4B-00C04F79EFBC}") = "SAMStock.wpf", "SAMStock.wpf\SAMStock.wpf.csproj", "{85CB9453-7454-4437-A1E0-2A04F80933D6}"
EndProject
Global
	GlobalSection(SolutionConfigurationPlatforms) = preSolution
		Debug|Any CPU = Debug|Any CPU
		Debug|Mixed Platforms = Debug|Mixed Platforms
		Debug|x86 = Debug|x86
		Release|Any CPU = Release|Any CPU
		Release|Mixed Platforms = Release|Mixed Platforms
		Release|x86 = Release|x86
	EndGlobalSection
	GlobalSection(ProjectConfigurationPlatforms) = postSolution
		{201C3FEC-FD13-491A-86CA-866D6CC0A370}.Debug|Any CPU.ActiveCfg = Debug|x86
		{201C3FEC-FD13-491A-86CA-866D6CC0A370}.Debug|Mixed Platforms.ActiveCfg = Debug|x86
		{201C3FEC-FD13-491A-86CA-866D6CC0A370}.Debug|Mixed Platforms.Build.0 = Debug|x86
		{201C3FEC-FD13-491A-86CA-866D6CC0A370}.Debug|x86.ActiveCfg = Debug|x86
		{201C3FEC-FD13-491A-86CA-866D6CC0A370}.Debug|x86.Build.0 = Debug|x86
		{201C3FEC-FD13-491A-86CA-866D6CC0A370}.Release|Any CPU.ActiveCfg = Release|x86
		{201C3FEC-FD13-491A-86CA-866D6CC0A370}.Release|Mixed Platforms.ActiveCfg = Release|x86
		{201C3FEC-FD13-491A-86CA-866D6CC0A370}.Release|Mixed Platforms.Build.0 = Release|x86
		{201C3FEC-FD13-491A-86CA-866D6CC0A370}.Release|x86.ActiveCfg = Release|x86
		{201C3FEC-FD13-491A-86CA-866D6CC0A370}.Release|x86.Build.0 = Release|x86
		{C15C0B18-3475-4EBA-A39F-8F765AC2FA7F}.Debug|Any CPU.ActiveCfg = Debug|Any CPU
		{C15C0B18-3475-4EBA-A39F-8F765AC2FA7F}.Debug|Any CPU.Build.0 = Debug|Any CPU
		{C15C0B18-3475-4EBA-A39F-8F765AC2FA7F}.Debug|Mixed Platforms.ActiveCfg = Debug|Any CPU
		{C15C0B18-3475-4EBA-A39F-8F765AC2FA7F}.Debug|Mixed Platforms.Build.0 = Debug|Any CPU
		{C15C0B18-3475-4EBA-A39F-8F765AC2FA7F}.Debug|x86.ActiveCfg = Debug|Any CPU
		{C15C0B18-3475-4EBA-A39F-8F765AC2FA7F}.Release|Any CPU.ActiveCfg = Release|Any CPU
		{C15C0B18-3475-4EBA-A39F-8F765AC2FA7F}.Release|Any CPU.Build.0 = Release|Any CPU
		{C15C0B18-3475-4EBA-A39F-8F765AC2FA7F}.Release|Mixed Platforms.ActiveCfg = Release|Any CPU
		{C15C0B18-3475-4EBA-A39F-8F765AC2FA7F}.Release|Mixed Platforms.Build.0 = Release|Any CPU
		{C15C0B18-3475-4EBA-A39F-8F765AC2FA7F}.Release|x86.ActiveCfg = Release|Any CPU
		{85CB9453-7454-4437-A1E0-2A04F80933D6}.Debug|Any CPU.ActiveCfg = Debug|Any CPU
		{85CB9453-7454-4437-A1E0-2A04F80933D6}.Debug|Any CPU.Build.0 = Debug|Any CPU
		{85CB9453-7454-4437-A1E0-2A04F80933D6}.Debug|Mixed Platforms.ActiveCfg = Debug|Any CPU
		{85CB9453-7454-4437-A1E0-2A04F80933D6}.Debug|Mixed Platforms.Build.0 = Debug|Any CPU
		{85CB9453-7454-4437-A1E0-2A04F80933D6}.Debug|x86.ActiveCfg = Debug|Any CPU
		{85CB9453-7454-4437-A1E0-2A04F80933D6}.Release|Any CPU.ActiveCfg = Release|Any CPU
		{85CB9453-7454-4437-A1E0-2A04F80933D6}.Release|Any CPU.Build.0 = Release|Any CPU
		{85CB9453-7454-4437-A1E0-2A04F80933D6}.Release|Mixed Platforms.ActiveCfg = Release|Any CPU
		{85CB9453-7454-4437-A1E0-2A04F80933D6}.Release|Mixed Platforms.Build.0 = Release|Any CPU
		{85CB9453-7454-4437-A1E0-2A04F80933D6}.Release|x86.ActiveCfg = Release|Any CPU
	EndGlobalSection
	GlobalSection(SolutionProperties) = preSolution
		HideSolutionNode = FALSE
	EndGlobalSection
EndGlobal
